// !$*UTF8*$!
{
	archiveVersion = 1;
	classes = {
	};
	objectVersion = 46;
	objects = {

/* Begin PBXBuildFile section */
		1AEDA164B436F8CD19A2F7F2 /* Pods_BaeminWaitingUnitTests.framework in Frameworks */ = {isa = PBXBuildFile; fileRef = 5B0BB622D19A24682C6A15E3 /* Pods_BaeminWaitingUnitTests.framework */; };
		980A56F01F3C16D800A81DFE /* ServerRepository.swift in Sources */ = {isa = PBXBuildFile; fileRef = 980A56EF1F3C16D800A81DFE /* ServerRepository.swift */; };
		980A56F41F3C19CE00A81DFE /* AlamofireUnitTests.swift in Sources */ = {isa = PBXBuildFile; fileRef = 980A56F31F3C19CE00A81DFE /* AlamofireUnitTests.swift */; };
		980A56F61F3C304000A81DFE /* Store.swift in Sources */ = {isa = PBXBuildFile; fileRef = 980A56F51F3C304000A81DFE /* Store.swift */; };
		986B3D9D1F3D3E1A00432FF7 /* DetailViewController.swift in Sources */ = {isa = PBXBuildFile; fileRef = 986B3D9C1F3D3E1A00432FF7 /* DetailViewController.swift */; };
		986B3D9F1F3D3E6600432FF7 /* StoreImageCell.swift in Sources */ = {isa = PBXBuildFile; fileRef = 986B3D9E1F3D3E6600432FF7 /* StoreImageCell.swift */; };
		986B3DA11F3D3E8100432FF7 /* StoreDescriptionCell.swift in Sources */ = {isa = PBXBuildFile; fileRef = 986B3DA01F3D3E8100432FF7 /* StoreDescriptionCell.swift */; };
		986B3DA41F3D3F4A00432FF7 /* StoreDetailView.storyboard in Resources */ = {isa = PBXBuildFile; fileRef = 986B3DA21F3D3F4A00432FF7 /* StoreDetailView.storyboard */; };
		986B3DA61F3D3FCA00432FF7 /* StoreCallButtionCell.swift in Sources */ = {isa = PBXBuildFile; fileRef = 986B3DA51F3D3FCA00432FF7 /* StoreCallButtionCell.swift */; };
		986B3DA81F3D3FEB00432FF7 /* StoreMapViewCell.swift in Sources */ = {isa = PBXBuildFile; fileRef = 986B3DA71F3D3FEB00432FF7 /* StoreMapViewCell.swift */; };
		986B3DAA1F3D3FFE00432FF7 /* StoreLineShowCell.swift in Sources */ = {isa = PBXBuildFile; fileRef = 986B3DA91F3D3FFE00432FF7 /* StoreLineShowCell.swift */; };
		986B3DAC1F3D401300432FF7 /* StoreLineGetButtonCell.swift in Sources */ = {isa = PBXBuildFile; fileRef = 986B3DAB1F3D401300432FF7 /* StoreLineGetButtonCell.swift */; };
		9870FEAE1F3ACC3C00656EEC /* JsonController.swift in Sources */ = {isa = PBXBuildFile; fileRef = 9870FEAD1F3ACC3C00656EEC /* JsonController.swift */; };
		9870FEB31F3ACC8C00656EEC /* NMapViewResources.swift in Sources */ = {isa = PBXBuildFile; fileRef = 9870FEB01F3ACC8C00656EEC /* NMapViewResources.swift */; };
		9870FEB61F3ACE4F00656EEC /* MapViewController.swift in Sources */ = {isa = PBXBuildFile; fileRef = 9870FEB51F3ACE4F00656EEC /* MapViewController.swift */; };
		9870FEB81F3ACF1300656EEC /* NaverMapHandler.swift in Sources */ = {isa = PBXBuildFile; fileRef = 9870FEB71F3ACF1300656EEC /* NaverMapHandler.swift */; };
		9870FEBA1F3AD0C700656EEC /* 송파구.json in Resources */ = {isa = PBXBuildFile; fileRef = 9870FEB91F3AD0C700656EEC /* 송파구.json */; };
		9870FEBC1F3AE4A400656EEC /* MainContainerViewController.swift in Sources */ = {isa = PBXBuildFile; fileRef = 9870FEBB1F3AE4A400656EEC /* MainContainerViewController.swift */; };
		9870FEC61F3AFC1F00656EEC /* MainCollectionView.storyboard in Resources */ = {isa = PBXBuildFile; fileRef = 9870FEC51F3AFC1F00656EEC /* MainCollectionView.storyboard */; };
		9870FECC1F3AFD6900656EEC /* MainCollectionViewController.swift in Sources */ = {isa = PBXBuildFile; fileRef = 9870FECB1F3AFD6900656EEC /* MainCollectionViewController.swift */; };
		9870FECE1F3AFDB400656EEC /* MainCollectionViewCell.swift in Sources */ = {isa = PBXBuildFile; fileRef = 9870FECD1F3AFDB400656EEC /* MainCollectionViewCell.swift */; };
		9870FED01F3AFE0700656EEC /* MainCollectionReusableView.swift in Sources */ = {isa = PBXBuildFile; fileRef = 9870FECF1F3AFE0700656EEC /* MainCollectionReusableView.swift */; };
		9879D9AF1F34054900B4131A /* AppDelegate.swift in Sources */ = {isa = PBXBuildFile; fileRef = 9879D9AE1F34054900B4131A /* AppDelegate.swift */; };
		9879D9B41F34054900B4131A /* Main.storyboard in Resources */ = {isa = PBXBuildFile; fileRef = 9879D9B21F34054900B4131A /* Main.storyboard */; };
		9879D9B61F34054900B4131A /* Assets.xcassets in Resources */ = {isa = PBXBuildFile; fileRef = 9879D9B51F34054900B4131A /* Assets.xcassets */; };
		9879D9B91F34054900B4131A /* LaunchScreen.storyboard in Resources */ = {isa = PBXBuildFile; fileRef = 9879D9B71F34054900B4131A /* LaunchScreen.storyboard */; };
		9879D9F21F342CCC00B4131A /* BaeminWaitingUnitTests.swift in Sources */ = {isa = PBXBuildFile; fileRef = 9879D9F11F342CCC00B4131A /* BaeminWaitingUnitTests.swift */; };
		98BE03D61F38614200179D43 /* ApiGatewayMac.framework in Frameworks */ = {isa = PBXBuildFile; fileRef = 98BE03D51F38614200179D43 /* ApiGatewayMac.framework */; };
		98BE03D71F38614200179D43 /* ApiGatewayMac.framework in Embed Frameworks */ = {isa = PBXBuildFile; fileRef = 98BE03D51F38614200179D43 /* ApiGatewayMac.framework */; settings = {ATTRIBUTES = (CodeSignOnCopy, RemoveHeadersOnCopy, ); }; };
		98BE03DA1F38615400179D43 /* NMapViewerSDK.framework in Frameworks */ = {isa = PBXBuildFile; fileRef = 98BE03D91F38615400179D43 /* NMapViewerSDK.framework */; };
		98BE03DC1F38617D00179D43 /* Scripts in Resources */ = {isa = PBXBuildFile; fileRef = 98BE03DB1F38617D00179D43 /* Scripts */; };
		98BE03DF1F38623700179D43 /* NaverMapUnitTests.swift in Sources */ = {isa = PBXBuildFile; fileRef = 98BE03DE1F38623700179D43 /* NaverMapUnitTests.swift */; };
		E896D89A34E75EFCEF888FB7 /* Pods_ios_baemin_waiting.framework in Frameworks */ = {isa = PBXBuildFile; fileRef = F9045EB54E1A533885C0EA9D /* Pods_ios_baemin_waiting.framework */; };
/* End PBXBuildFile section */

/* Begin PBXContainerItemProxy section */
		9879D9F41F342CCC00B4131A /* PBXContainerItemProxy */ = {
			isa = PBXContainerItemProxy;
			containerPortal = 9879D9A31F34054900B4131A /* Project object */;
			proxyType = 1;
			remoteGlobalIDString = 9879D9AA1F34054900B4131A;
			remoteInfo = ios_baemin_waiting;
		};
/* End PBXContainerItemProxy section */

/* Begin PBXCopyFilesBuildPhase section */
		98BE03D81F38614200179D43 /* Embed Frameworks */ = {
			isa = PBXCopyFilesBuildPhase;
			buildActionMask = 2147483647;
			dstPath = "";
			dstSubfolderSpec = 10;
			files = (
				98BE03D71F38614200179D43 /* ApiGatewayMac.framework in Embed Frameworks */,
			);
			name = "Embed Frameworks";
			runOnlyForDeploymentPostprocessing = 0;
		};
/* End PBXCopyFilesBuildPhase section */

/* Begin PBXFileReference section */
		18F59FA31D335960EA9BB38B /* Pods-BaeminWaitingUnitTests.release.xcconfig */ = {isa = PBXFileReference; includeInIndex = 1; lastKnownFileType = text.xcconfig; name = "Pods-BaeminWaitingUnitTests.release.xcconfig"; path = "Pods/Target Support Files/Pods-BaeminWaitingUnitTests/Pods-BaeminWaitingUnitTests.release.xcconfig"; sourceTree = "<group>"; };
		5B0BB622D19A24682C6A15E3 /* Pods_BaeminWaitingUnitTests.framework */ = {isa = PBXFileReference; explicitFileType = wrapper.framework; includeInIndex = 0; path = Pods_BaeminWaitingUnitTests.framework; sourceTree = BUILT_PRODUCTS_DIR; };
		980A56EF1F3C16D800A81DFE /* ServerRepository.swift */ = {isa = PBXFileReference; fileEncoding = 4; lastKnownFileType = sourcecode.swift; path = ServerRepository.swift; sourceTree = "<group>"; };
		980A56F31F3C19CE00A81DFE /* AlamofireUnitTests.swift */ = {isa = PBXFileReference; fileEncoding = 4; lastKnownFileType = sourcecode.swift; path = AlamofireUnitTests.swift; sourceTree = "<group>"; };
		980A56F51F3C304000A81DFE /* Store.swift */ = {isa = PBXFileReference; fileEncoding = 4; lastKnownFileType = sourcecode.swift; path = Store.swift; sourceTree = "<group>"; };
		981AA44EC3C56C18A78CC0E5 /* Pods-BaeminWaitingUnitTests.debug.xcconfig */ = {isa = PBXFileReference; includeInIndex = 1; lastKnownFileType = text.xcconfig; name = "Pods-BaeminWaitingUnitTests.debug.xcconfig"; path = "Pods/Target Support Files/Pods-BaeminWaitingUnitTests/Pods-BaeminWaitingUnitTests.debug.xcconfig"; sourceTree = "<group>"; };
		986B3D9C1F3D3E1A00432FF7 /* DetailViewController.swift */ = {isa = PBXFileReference; fileEncoding = 4; lastKnownFileType = sourcecode.swift; path = DetailViewController.swift; sourceTree = "<group>"; };
		986B3D9E1F3D3E6600432FF7 /* StoreImageCell.swift */ = {isa = PBXFileReference; fileEncoding = 4; lastKnownFileType = sourcecode.swift; path = StoreImageCell.swift; sourceTree = "<group>"; };
		986B3DA01F3D3E8100432FF7 /* StoreDescriptionCell.swift */ = {isa = PBXFileReference; fileEncoding = 4; lastKnownFileType = sourcecode.swift; path = StoreDescriptionCell.swift; sourceTree = "<group>"; };
		986B3DA31F3D3F4A00432FF7 /* Base */ = {isa = PBXFileReference; lastKnownFileType = file.storyboard; name = Base; path = Base.lproj/StoreDetailView.storyboard; sourceTree = "<group>"; };
		986B3DA51F3D3FCA00432FF7 /* StoreCallButtionCell.swift */ = {isa = PBXFileReference; fileEncoding = 4; lastKnownFileType = sourcecode.swift; path = StoreCallButtionCell.swift; sourceTree = "<group>"; };
		986B3DA71F3D3FEB00432FF7 /* StoreMapViewCell.swift */ = {isa = PBXFileReference; fileEncoding = 4; lastKnownFileType = sourcecode.swift; path = StoreMapViewCell.swift; sourceTree = "<group>"; };
		986B3DA91F3D3FFE00432FF7 /* StoreLineShowCell.swift */ = {isa = PBXFileReference; fileEncoding = 4; lastKnownFileType = sourcecode.swift; path = StoreLineShowCell.swift; sourceTree = "<group>"; };
		986B3DAB1F3D401300432FF7 /* StoreLineGetButtonCell.swift */ = {isa = PBXFileReference; fileEncoding = 4; lastKnownFileType = sourcecode.swift; path = StoreLineGetButtonCell.swift; sourceTree = "<group>"; };
		9870FEAD1F3ACC3C00656EEC /* JsonController.swift */ = {isa = PBXFileReference; fileEncoding = 4; lastKnownFileType = sourcecode.swift; path = JsonController.swift; sourceTree = "<group>"; };
		9870FEB01F3ACC8C00656EEC /* NMapViewResources.swift */ = {isa = PBXFileReference; fileEncoding = 4; lastKnownFileType = sourcecode.swift; path = NMapViewResources.swift; sourceTree = "<group>"; };
		9870FEB51F3ACE4F00656EEC /* MapViewController.swift */ = {isa = PBXFileReference; fileEncoding = 4; lastKnownFileType = sourcecode.swift; path = MapViewController.swift; sourceTree = "<group>"; };
		9870FEB71F3ACF1300656EEC /* NaverMapHandler.swift */ = {isa = PBXFileReference; fileEncoding = 4; lastKnownFileType = sourcecode.swift; path = NaverMapHandler.swift; sourceTree = "<group>"; };
		9870FEB91F3AD0C700656EEC /* 송파구.json */ = {isa = PBXFileReference; fileEncoding = 4; lastKnownFileType = text.json; path = "송파구.json"; sourceTree = "<group>"; };
		9870FEBB1F3AE4A400656EEC /* MainContainerViewController.swift */ = {isa = PBXFileReference; fileEncoding = 4; lastKnownFileType = sourcecode.swift; path = MainContainerViewController.swift; sourceTree = "<group>"; };
		9870FEC51F3AFC1F00656EEC /* MainCollectionView.storyboard */ = {isa = PBXFileReference; fileEncoding = 4; lastKnownFileType = file.storyboard; path = MainCollectionView.storyboard; sourceTree = "<group>"; };
		9870FECB1F3AFD6900656EEC /* MainCollectionViewController.swift */ = {isa = PBXFileReference; fileEncoding = 4; lastKnownFileType = sourcecode.swift; path = MainCollectionViewController.swift; sourceTree = "<group>"; };
		9870FECD1F3AFDB400656EEC /* MainCollectionViewCell.swift */ = {isa = PBXFileReference; fileEncoding = 4; lastKnownFileType = sourcecode.swift; path = MainCollectionViewCell.swift; sourceTree = "<group>"; };
		9870FECF1F3AFE0700656EEC /* MainCollectionReusableView.swift */ = {isa = PBXFileReference; fileEncoding = 4; lastKnownFileType = sourcecode.swift; path = MainCollectionReusableView.swift; sourceTree = "<group>"; };
		9879D9AB1F34054900B4131A /* ios_baemin_waiting.app */ = {isa = PBXFileReference; explicitFileType = wrapper.application; includeInIndex = 0; path = ios_baemin_waiting.app; sourceTree = BUILT_PRODUCTS_DIR; };
		9879D9AE1F34054900B4131A /* AppDelegate.swift */ = {isa = PBXFileReference; lastKnownFileType = sourcecode.swift; path = AppDelegate.swift; sourceTree = "<group>"; };
		9879D9B31F34054900B4131A /* Base */ = {isa = PBXFileReference; lastKnownFileType = file.storyboard; name = Base; path = Base.lproj/Main.storyboard; sourceTree = "<group>"; };
		9879D9B51F34054900B4131A /* Assets.xcassets */ = {isa = PBXFileReference; lastKnownFileType = folder.assetcatalog; path = Assets.xcassets; sourceTree = "<group>"; };
		9879D9B81F34054900B4131A /* Base */ = {isa = PBXFileReference; lastKnownFileType = file.storyboard; name = Base; path = Base.lproj/LaunchScreen.storyboard; sourceTree = "<group>"; };
		9879D9BA1F34054900B4131A /* Info.plist */ = {isa = PBXFileReference; lastKnownFileType = text.plist.xml; path = Info.plist; sourceTree = "<group>"; };
		9879D9EF1F342CCC00B4131A /* BaeminWaitingUnitTests.xctest */ = {isa = PBXFileReference; explicitFileType = wrapper.cfbundle; includeInIndex = 0; path = BaeminWaitingUnitTests.xctest; sourceTree = BUILT_PRODUCTS_DIR; };
		9879D9F11F342CCC00B4131A /* BaeminWaitingUnitTests.swift */ = {isa = PBXFileReference; lastKnownFileType = sourcecode.swift; path = BaeminWaitingUnitTests.swift; sourceTree = "<group>"; };
		9879D9F31F342CCC00B4131A /* Info.plist */ = {isa = PBXFileReference; lastKnownFileType = text.plist.xml; path = Info.plist; sourceTree = "<group>"; };
		98BE03D51F38614200179D43 /* ApiGatewayMac.framework */ = {isa = PBXFileReference; lastKnownFileType = wrapper.framework; path = ApiGatewayMac.framework; sourceTree = "<group>"; };
		98BE03D91F38615400179D43 /* NMapViewerSDK.framework */ = {isa = PBXFileReference; lastKnownFileType = wrapper.framework; path = NMapViewerSDK.framework; sourceTree = "<group>"; };
		98BE03DB1F38617D00179D43 /* Scripts */ = {isa = PBXFileReference; lastKnownFileType = folder; path = Scripts; sourceTree = "<group>"; };
		98BE03DE1F38623700179D43 /* NaverMapUnitTests.swift */ = {isa = PBXFileReference; fileEncoding = 4; lastKnownFileType = sourcecode.swift; path = NaverMapUnitTests.swift; sourceTree = "<group>"; };
		98BE03E01F3862CB00179D43 /* ios_baemin_waiting-Bridging-Header.h */ = {isa = PBXFileReference; lastKnownFileType = sourcecode.c.h; path = "ios_baemin_waiting-Bridging-Header.h"; sourceTree = "<group>"; };
		A7113F72677B202CDD56B17A /* Pods-ios_baemin_waiting.debug.xcconfig */ = {isa = PBXFileReference; includeInIndex = 1; lastKnownFileType = text.xcconfig; name = "Pods-ios_baemin_waiting.debug.xcconfig"; path = "Pods/Target Support Files/Pods-ios_baemin_waiting/Pods-ios_baemin_waiting.debug.xcconfig"; sourceTree = "<group>"; };
		AB377FD4ABB73D02348DCF19 /* Pods-ios_baemin_waiting.release.xcconfig */ = {isa = PBXFileReference; includeInIndex = 1; lastKnownFileType = text.xcconfig; name = "Pods-ios_baemin_waiting.release.xcconfig"; path = "Pods/Target Support Files/Pods-ios_baemin_waiting/Pods-ios_baemin_waiting.release.xcconfig"; sourceTree = "<group>"; };
		F9045EB54E1A533885C0EA9D /* Pods_ios_baemin_waiting.framework */ = {isa = PBXFileReference; explicitFileType = wrapper.framework; includeInIndex = 0; path = Pods_ios_baemin_waiting.framework; sourceTree = BUILT_PRODUCTS_DIR; };
/* End PBXFileReference section */

/* Begin PBXFrameworksBuildPhase section */
		9879D9A81F34054900B4131A /* Frameworks */ = {
			isa = PBXFrameworksBuildPhase;
			buildActionMask = 2147483647;
			files = (
				98BE03D61F38614200179D43 /* ApiGatewayMac.framework in Frameworks */,
				98BE03DA1F38615400179D43 /* NMapViewerSDK.framework in Frameworks */,
				E896D89A34E75EFCEF888FB7 /* Pods_ios_baemin_waiting.framework in Frameworks */,
			);
			runOnlyForDeploymentPostprocessing = 0;
		};
		9879D9EC1F342CCC00B4131A /* Frameworks */ = {
			isa = PBXFrameworksBuildPhase;
			buildActionMask = 2147483647;
			files = (
				1AEDA164B436F8CD19A2F7F2 /* Pods_BaeminWaitingUnitTests.framework in Frameworks */,
			);
			runOnlyForDeploymentPostprocessing = 0;
		};
/* End PBXFrameworksBuildPhase section */

/* Begin PBXGroup section */
		186DE9CF2B62B9A463548A4B /* Frameworks */ = {
			isa = PBXGroup;
			children = (
				98BE03D91F38615400179D43 /* NMapViewerSDK.framework */,
				98BE03D51F38614200179D43 /* ApiGatewayMac.framework */,
				5B0BB622D19A24682C6A15E3 /* Pods_BaeminWaitingUnitTests.framework */,
				F9045EB54E1A533885C0EA9D /* Pods_ios_baemin_waiting.framework */,
			);
			name = Frameworks;
			sourceTree = "<group>";
		};
		5433655D992779CE2FC79340 /* Pods */ = {
			isa = PBXGroup;
			children = (
				A7113F72677B202CDD56B17A /* Pods-ios_baemin_waiting.debug.xcconfig */,
				AB377FD4ABB73D02348DCF19 /* Pods-ios_baemin_waiting.release.xcconfig */,
				981AA44EC3C56C18A78CC0E5 /* Pods-BaeminWaitingUnitTests.debug.xcconfig */,
				18F59FA31D335960EA9BB38B /* Pods-BaeminWaitingUnitTests.release.xcconfig */,
			);
			name = Pods;
			sourceTree = "<group>";
		};
		9879D9A21F34054900B4131A = {
			isa = PBXGroup;
			children = (
				98BE03DB1F38617D00179D43 /* Scripts */,
				9879D9AD1F34054900B4131A /* ios_baemin_waiting */,
				9879D9F01F342CCC00B4131A /* BaeminWaitingUnitTests */,
				9879D9AC1F34054900B4131A /* Products */,
				5433655D992779CE2FC79340 /* Pods */,
				186DE9CF2B62B9A463548A4B /* Frameworks */,
			);
			sourceTree = "<group>";
		};
		9879D9AC1F34054900B4131A /* Products */ = {
			isa = PBXGroup;
			children = (
				9879D9AB1F34054900B4131A /* ios_baemin_waiting.app */,
				9879D9EF1F342CCC00B4131A /* BaeminWaitingUnitTests.xctest */,
			);
			name = Products;
			sourceTree = "<group>";
		};
		9879D9AD1F34054900B4131A /* ios_baemin_waiting */ = {
			isa = PBXGroup;
			children = (
				9870FEB91F3AD0C700656EEC /* 송파구.json */,
				9870FEB71F3ACF1300656EEC /* NaverMapHandler.swift */,
				9870FEB51F3ACE4F00656EEC /* MapViewController.swift */,
				9870FEB01F3ACC8C00656EEC /* NMapViewResources.swift */,
				980A56F51F3C304000A81DFE /* Store.swift */,
				9870FEAD1F3ACC3C00656EEC /* JsonController.swift */,
				9879D9AE1F34054900B4131A /* AppDelegate.swift */,
				9879D9B21F34054900B4131A /* Main.storyboard */,
				9870FEC51F3AFC1F00656EEC /* MainCollectionView.storyboard */,
				9879D9B51F34054900B4131A /* Assets.xcassets */,
				9879D9B71F34054900B4131A /* LaunchScreen.storyboard */,
				9879D9BA1F34054900B4131A /* Info.plist */,
				98BE03E01F3862CB00179D43 /* ios_baemin_waiting-Bridging-Header.h */,
				9870FEBB1F3AE4A400656EEC /* MainContainerViewController.swift */,
				9870FECB1F3AFD6900656EEC /* MainCollectionViewController.swift */,
				9870FECD1F3AFDB400656EEC /* MainCollectionViewCell.swift */,
				9870FECF1F3AFE0700656EEC /* MainCollectionReusableView.swift */,
				980A56EF1F3C16D800A81DFE /* ServerRepository.swift */,
				986B3DA21F3D3F4A00432FF7 /* StoreDetailView.storyboard */,
				986B3D9C1F3D3E1A00432FF7 /* DetailViewController.swift */,
				986B3D9E1F3D3E6600432FF7 /* StoreImageCell.swift */,
				986B3DA01F3D3E8100432FF7 /* StoreDescriptionCell.swift */,
				986B3DA51F3D3FCA00432FF7 /* StoreCallButtionCell.swift */,
				986B3DA71F3D3FEB00432FF7 /* StoreMapViewCell.swift */,
				986B3DA91F3D3FFE00432FF7 /* StoreLineShowCell.swift */,
				986B3DAB1F3D401300432FF7 /* StoreLineGetButtonCell.swift */,
			);
			path = ios_baemin_waiting;
			sourceTree = "<group>";
		};
		9879D9F01F342CCC00B4131A /* BaeminWaitingUnitTests */ = {
			isa = PBXGroup;
			children = (
				9879D9F11F342CCC00B4131A /* BaeminWaitingUnitTests.swift */,
				98BE03DE1F38623700179D43 /* NaverMapUnitTests.swift */,
				980A56F31F3C19CE00A81DFE /* AlamofireUnitTests.swift */,
				9879D9F31F342CCC00B4131A /* Info.plist */,
			);
			path = BaeminWaitingUnitTests;
			sourceTree = "<group>";
		};
/* End PBXGroup section */

/* Begin PBXNativeTarget section */
		9879D9AA1F34054900B4131A /* ios_baemin_waiting */ = {
			isa = PBXNativeTarget;
			buildConfigurationList = 9879D9D31F34054A00B4131A /* Build configuration list for PBXNativeTarget "ios_baemin_waiting" */;
			buildPhases = (
				BE2E6C1F17E4C5172E036120 /* [CP] Check Pods Manifest.lock */,
				9879D9A71F34054900B4131A /* Sources */,
				9879D9A81F34054900B4131A /* Frameworks */,
				9879D9A91F34054900B4131A /* Resources */,
				8A42FB99DC3263F75E762DC1 /* [CP] Embed Pods Frameworks */,
				46F032BF4679300CA4410190 /* [CP] Copy Pods Resources */,
				9879D9DC1F342C2700B4131A /* SwiftLint */,
				98BE03D81F38614200179D43 /* Embed Frameworks */,
				98BE03DD1F38619A00179D43 /* Strip Frameworks */,
			);
			buildRules = (
			);
			dependencies = (
			);
			name = ios_baemin_waiting;
			productName = ios_baemin_waiting;
			productReference = 9879D9AB1F34054900B4131A /* ios_baemin_waiting.app */;
			productType = "com.apple.product-type.application";
		};
		9879D9EE1F342CCC00B4131A /* BaeminWaitingUnitTests */ = {
			isa = PBXNativeTarget;
			buildConfigurationList = 9879D9F61F342CCC00B4131A /* Build configuration list for PBXNativeTarget "BaeminWaitingUnitTests" */;
			buildPhases = (
				CA48A719E7FD091E43A83D34 /* [CP] Check Pods Manifest.lock */,
				9879D9EB1F342CCC00B4131A /* Sources */,
				9879D9EC1F342CCC00B4131A /* Frameworks */,
				9879D9ED1F342CCC00B4131A /* Resources */,
				68BCA459A63049372B089909 /* [CP] Embed Pods Frameworks */,
				5484B5F8DD94AD9394FC91DA /* [CP] Copy Pods Resources */,
			);
			buildRules = (
			);
			dependencies = (
				9879D9F51F342CCC00B4131A /* PBXTargetDependency */,
			);
			name = BaeminWaitingUnitTests;
			productName = BaeminWaitingUnitTests;
			productReference = 9879D9EF1F342CCC00B4131A /* BaeminWaitingUnitTests.xctest */;
			productType = "com.apple.product-type.bundle.unit-test";
		};
/* End PBXNativeTarget section */

/* Begin PBXProject section */
		9879D9A31F34054900B4131A /* Project object */ = {
			isa = PBXProject;
			attributes = {
				LastSwiftUpdateCheck = 0830;
				LastUpgradeCheck = 0830;
				ORGANIZATIONNAME = woowabrothers;
				TargetAttributes = {
					9879D9AA1F34054900B4131A = {
						CreatedOnToolsVersion = 8.3.3;
						DevelopmentTeam = B3PWYBKFUK;
						LastSwiftMigration = 0830;
						ProvisioningStyle = Automatic;
					};
					9879D9EE1F342CCC00B4131A = {
						CreatedOnToolsVersion = 8.3.3;
						DevelopmentTeam = B3PWYBKFUK;
						ProvisioningStyle = Automatic;
						TestTargetID = 9879D9AA1F34054900B4131A;
					};
				};
			};
			buildConfigurationList = 9879D9A61F34054900B4131A /* Build configuration list for PBXProject "ios_baemin_waiting" */;
			compatibilityVersion = "Xcode 3.2";
			developmentRegion = English;
			hasScannedForEncodings = 0;
			knownRegions = (
				en,
				Base,
			);
			mainGroup = 9879D9A21F34054900B4131A;
			productRefGroup = 9879D9AC1F34054900B4131A /* Products */;
			projectDirPath = "";
			projectRoot = "";
			targets = (
				9879D9AA1F34054900B4131A /* ios_baemin_waiting */,
				9879D9EE1F342CCC00B4131A /* BaeminWaitingUnitTests */,
			);
		};
/* End PBXProject section */

/* Begin PBXResourcesBuildPhase section */
		9879D9A91F34054900B4131A /* Resources */ = {
			isa = PBXResourcesBuildPhase;
			buildActionMask = 2147483647;
			files = (
				9879D9B91F34054900B4131A /* LaunchScreen.storyboard in Resources */,
				9879D9B61F34054900B4131A /* Assets.xcassets in Resources */,
				9870FEBA1F3AD0C700656EEC /* 송파구.json in Resources */,
				9879D9B41F34054900B4131A /* Main.storyboard in Resources */,
				98BE03DC1F38617D00179D43 /* Scripts in Resources */,
				9870FEC61F3AFC1F00656EEC /* MainCollectionView.storyboard in Resources */,
				986B3DA41F3D3F4A00432FF7 /* StoreDetailView.storyboard in Resources */,
			);
			runOnlyForDeploymentPostprocessing = 0;
		};
		9879D9ED1F342CCC00B4131A /* Resources */ = {
			isa = PBXResourcesBuildPhase;
			buildActionMask = 2147483647;
			files = (
			);
			runOnlyForDeploymentPostprocessing = 0;
		};
/* End PBXResourcesBuildPhase section */

/* Begin PBXShellScriptBuildPhase section */
		46F032BF4679300CA4410190 /* [CP] Copy Pods Resources */ = {
			isa = PBXShellScriptBuildPhase;
			buildActionMask = 2147483647;
			files = (
			);
			inputPaths = (
			);
			name = "[CP] Copy Pods Resources";
			outputPaths = (
			);
			runOnlyForDeploymentPostprocessing = 0;
			shellPath = /bin/sh;
			shellScript = "\"${SRCROOT}/Pods/Target Support Files/Pods-ios_baemin_waiting/Pods-ios_baemin_waiting-resources.sh\"\n";
			showEnvVarsInLog = 0;
		};
		5484B5F8DD94AD9394FC91DA /* [CP] Copy Pods Resources */ = {
			isa = PBXShellScriptBuildPhase;
			buildActionMask = 2147483647;
			files = (
			);
			inputPaths = (
			);
			name = "[CP] Copy Pods Resources";
			outputPaths = (
			);
			runOnlyForDeploymentPostprocessing = 0;
			shellPath = /bin/sh;
			shellScript = "\"${SRCROOT}/Pods/Target Support Files/Pods-BaeminWaitingUnitTests/Pods-BaeminWaitingUnitTests-resources.sh\"\n";
			showEnvVarsInLog = 0;
		};
		68BCA459A63049372B089909 /* [CP] Embed Pods Frameworks */ = {
			isa = PBXShellScriptBuildPhase;
			buildActionMask = 2147483647;
			files = (
			);
			inputPaths = (
			);
			name = "[CP] Embed Pods Frameworks";
			outputPaths = (
			);
			runOnlyForDeploymentPostprocessing = 0;
			shellPath = /bin/sh;
			shellScript = "\"${SRCROOT}/Pods/Target Support Files/Pods-BaeminWaitingUnitTests/Pods-BaeminWaitingUnitTests-frameworks.sh\"\n";
			showEnvVarsInLog = 0;
		};
		8A42FB99DC3263F75E762DC1 /* [CP] Embed Pods Frameworks */ = {
			isa = PBXShellScriptBuildPhase;
			buildActionMask = 2147483647;
			files = (
			);
			inputPaths = (
			);
			name = "[CP] Embed Pods Frameworks";
			outputPaths = (
			);
			runOnlyForDeploymentPostprocessing = 0;
			shellPath = /bin/sh;
			shellScript = "\"${SRCROOT}/Pods/Target Support Files/Pods-ios_baemin_waiting/Pods-ios_baemin_waiting-frameworks.sh\"\n";
			showEnvVarsInLog = 0;
		};
		9879D9DC1F342C2700B4131A /* SwiftLint */ = {
			isa = PBXShellScriptBuildPhase;
			buildActionMask = 2147483647;
			files = (
			);
			inputPaths = (
			);
			name = SwiftLint;
			outputPaths = (
			);
			runOnlyForDeploymentPostprocessing = 0;
			shellPath = /bin/sh;
			shellScript = "if which swiftlint >/dev/null; then\nswiftlint\nelse\necho \"warning: SwiftLint not installed, download from https://github.com/realm/SwiftLint\"\nfi";
		};
		98BE03DD1F38619A00179D43 /* Strip Frameworks */ = {
			isa = PBXShellScriptBuildPhase;
			buildActionMask = 2147483647;
			files = (
			);
			inputPaths = (
			);
			name = "Strip Frameworks";
			outputPaths = (
			);
			runOnlyForDeploymentPostprocessing = 0;
			shellPath = /bin/sh;
			shellScript = "sh ${SRCROOT}/Scripts/strip-frameworks.sh";
		};
		BE2E6C1F17E4C5172E036120 /* [CP] Check Pods Manifest.lock */ = {
			isa = PBXShellScriptBuildPhase;
			buildActionMask = 2147483647;
			files = (
			);
			inputPaths = (
			);
			name = "[CP] Check Pods Manifest.lock";
			outputPaths = (
			);
			runOnlyForDeploymentPostprocessing = 0;
			shellPath = /bin/sh;
			shellScript = "diff \"${PODS_PODFILE_DIR_PATH}/Podfile.lock\" \"${PODS_ROOT}/Manifest.lock\" > /dev/null\nif [ $? != 0 ] ; then\n    # print error to STDERR\n    echo \"error: The sandbox is not in sync with the Podfile.lock. Run 'pod install' or update your CocoaPods installation.\" >&2\n    exit 1\nfi\n";
			showEnvVarsInLog = 0;
		};
		CA48A719E7FD091E43A83D34 /* [CP] Check Pods Manifest.lock */ = {
			isa = PBXShellScriptBuildPhase;
			buildActionMask = 2147483647;
			files = (
			);
			inputPaths = (
			);
			name = "[CP] Check Pods Manifest.lock";
			outputPaths = (
			);
			runOnlyForDeploymentPostprocessing = 0;
			shellPath = /bin/sh;
			shellScript = "diff \"${PODS_PODFILE_DIR_PATH}/Podfile.lock\" \"${PODS_ROOT}/Manifest.lock\" > /dev/null\nif [ $? != 0 ] ; then\n    # print error to STDERR\n    echo \"error: The sandbox is not in sync with the Podfile.lock. Run 'pod install' or update your CocoaPods installation.\" >&2\n    exit 1\nfi\n";
			showEnvVarsInLog = 0;
		};
/* End PBXShellScriptBuildPhase section */

/* Begin PBXSourcesBuildPhase section */
		9879D9A71F34054900B4131A /* Sources */ = {
			isa = PBXSourcesBuildPhase;
			buildActionMask = 2147483647;
			files = (
				9870FEB81F3ACF1300656EEC /* NaverMapHandler.swift in Sources */,
				9870FECE1F3AFDB400656EEC /* MainCollectionViewCell.swift in Sources */,
				986B3DAA1F3D3FFE00432FF7 /* StoreLineShowCell.swift in Sources */,
				9870FECC1F3AFD6900656EEC /* MainCollectionViewController.swift in Sources */,
				986B3D9D1F3D3E1A00432FF7 /* DetailViewController.swift in Sources */,
				980A56F61F3C304000A81DFE /* Store.swift in Sources */,
				986B3DA61F3D3FCA00432FF7 /* StoreCallButtionCell.swift in Sources */,
				9870FED01F3AFE0700656EEC /* MainCollectionReusableView.swift in Sources */,
				986B3DA81F3D3FEB00432FF7 /* StoreMapViewCell.swift in Sources */,
				9879D9AF1F34054900B4131A /* AppDelegate.swift in Sources */,
				986B3DAC1F3D401300432FF7 /* StoreLineGetButtonCell.swift in Sources */,
				9870FEAE1F3ACC3C00656EEC /* JsonController.swift in Sources */,
				986B3DA11F3D3E8100432FF7 /* StoreDescriptionCell.swift in Sources */,
				9870FEB61F3ACE4F00656EEC /* MapViewController.swift in Sources */,
				9870FEB31F3ACC8C00656EEC /* NMapViewResources.swift in Sources */,
				980A56F01F3C16D800A81DFE /* ServerRepository.swift in Sources */,
				986B3D9F1F3D3E6600432FF7 /* StoreImageCell.swift in Sources */,
				9870FEBC1F3AE4A400656EEC /* MainContainerViewController.swift in Sources */,
				986B3D831F3C7AE300432FF7 /* StoreCallButtonCell.swift in Sources */,
			);
			runOnlyForDeploymentPostprocessing = 0;
		};
		9879D9EB1F342CCC00B4131A /* Sources */ = {
			isa = PBXSourcesBuildPhase;
			buildActionMask = 2147483647;
			files = (
				9879D9F21F342CCC00B4131A /* BaeminWaitingUnitTests.swift in Sources */,
				98BE03DF1F38623700179D43 /* NaverMapUnitTests.swift in Sources */,
				980A56F41F3C19CE00A81DFE /* AlamofireUnitTests.swift in Sources */,
			);
			runOnlyForDeploymentPostprocessing = 0;
		};
/* End PBXSourcesBuildPhase section */

/* Begin PBXTargetDependency section */
		9879D9F51F342CCC00B4131A /* PBXTargetDependency */ = {
			isa = PBXTargetDependency;
			target = 9879D9AA1F34054900B4131A /* ios_baemin_waiting */;
			targetProxy = 9879D9F41F342CCC00B4131A /* PBXContainerItemProxy */;
		};
/* End PBXTargetDependency section */

/* Begin PBXVariantGroup section */
		986B3DA21F3D3F4A00432FF7 /* StoreDetailView.storyboard */ = {
			isa = PBXVariantGroup;
			children = (
				986B3DA31F3D3F4A00432FF7 /* Base */,
			);
			name = StoreDetailView.storyboard;
			sourceTree = "<group>";
		};
		9879D9B21F34054900B4131A /* Main.storyboard */ = {
			isa = PBXVariantGroup;
			children = (
				9879D9B31F34054900B4131A /* Base */,
			);
			name = Main.storyboard;
			sourceTree = "<group>";
		};
		9879D9B71F34054900B4131A /* LaunchScreen.storyboard */ = {
			isa = PBXVariantGroup;
			children = (
				9879D9B81F34054900B4131A /* Base */,
			);
			name = LaunchScreen.storyboard;
			sourceTree = "<group>";
		};
/* End PBXVariantGroup section */

/* Begin XCBuildConfiguration section */
		9879D9D11F34054A00B4131A /* Debug */ = {
			isa = XCBuildConfiguration;
			buildSettings = {
				ALWAYS_SEARCH_USER_PATHS = NO;
				CLANG_ANALYZER_NONNULL = YES;
				CLANG_ANALYZER_NUMBER_OBJECT_CONVERSION = YES_AGGRESSIVE;
				CLANG_CXX_LANGUAGE_STANDARD = "gnu++0x";
				CLANG_CXX_LIBRARY = "libc++";
				CLANG_ENABLE_MODULES = YES;
				CLANG_ENABLE_OBJC_ARC = YES;
				CLANG_WARN_BOOL_CONVERSION = YES;
				CLANG_WARN_CONSTANT_CONVERSION = YES;
				CLANG_WARN_DIRECT_OBJC_ISA_USAGE = YES_ERROR;
				CLANG_WARN_DOCUMENTATION_COMMENTS = YES;
				CLANG_WARN_EMPTY_BODY = YES;
				CLANG_WARN_ENUM_CONVERSION = YES;
				CLANG_WARN_INFINITE_RECURSION = YES;
				CLANG_WARN_INT_CONVERSION = YES;
				CLANG_WARN_OBJC_ROOT_CLASS = YES_ERROR;
				CLANG_WARN_SUSPICIOUS_MOVE = YES;
				CLANG_WARN_UNREACHABLE_CODE = YES;
				CLANG_WARN__DUPLICATE_METHOD_MATCH = YES;
				"CODE_SIGN_IDENTITY[sdk=iphoneos*]" = "iPhone Developer";
				COPY_PHASE_STRIP = NO;
				DEBUG_INFORMATION_FORMAT = dwarf;
				ENABLE_STRICT_OBJC_MSGSEND = YES;
				ENABLE_TESTABILITY = YES;
				GCC_C_LANGUAGE_STANDARD = gnu99;
				GCC_DYNAMIC_NO_PIC = NO;
				GCC_NO_COMMON_BLOCKS = YES;
				GCC_OPTIMIZATION_LEVEL = 0;
				GCC_PREPROCESSOR_DEFINITIONS = (
					"DEBUG=1",
					"$(inherited)",
				);
				GCC_WARN_64_TO_32_BIT_CONVERSION = YES;
				GCC_WARN_ABOUT_RETURN_TYPE = YES_ERROR;
				GCC_WARN_UNDECLARED_SELECTOR = YES;
				GCC_WARN_UNINITIALIZED_AUTOS = YES_AGGRESSIVE;
				GCC_WARN_UNUSED_FUNCTION = YES;
				GCC_WARN_UNUSED_VARIABLE = YES;
				IPHONEOS_DEPLOYMENT_TARGET = 10.3;
				MTL_ENABLE_DEBUG_INFO = YES;
				ONLY_ACTIVE_ARCH = YES;
				SDKROOT = iphoneos;
				SWIFT_ACTIVE_COMPILATION_CONDITIONS = DEBUG;
				SWIFT_OPTIMIZATION_LEVEL = "-Onone";
				TARGETED_DEVICE_FAMILY = "1,2";
			};
			name = Debug;
		};
		9879D9D21F34054A00B4131A /* Release */ = {
			isa = XCBuildConfiguration;
			buildSettings = {
				ALWAYS_SEARCH_USER_PATHS = NO;
				CLANG_ANALYZER_NONNULL = YES;
				CLANG_ANALYZER_NUMBER_OBJECT_CONVERSION = YES_AGGRESSIVE;
				CLANG_CXX_LANGUAGE_STANDARD = "gnu++0x";
				CLANG_CXX_LIBRARY = "libc++";
				CLANG_ENABLE_MODULES = YES;
				CLANG_ENABLE_OBJC_ARC = YES;
				CLANG_WARN_BOOL_CONVERSION = YES;
				CLANG_WARN_CONSTANT_CONVERSION = YES;
				CLANG_WARN_DIRECT_OBJC_ISA_USAGE = YES_ERROR;
				CLANG_WARN_DOCUMENTATION_COMMENTS = YES;
				CLANG_WARN_EMPTY_BODY = YES;
				CLANG_WARN_ENUM_CONVERSION = YES;
				CLANG_WARN_INFINITE_RECURSION = YES;
				CLANG_WARN_INT_CONVERSION = YES;
				CLANG_WARN_OBJC_ROOT_CLASS = YES_ERROR;
				CLANG_WARN_SUSPICIOUS_MOVE = YES;
				CLANG_WARN_UNREACHABLE_CODE = YES;
				CLANG_WARN__DUPLICATE_METHOD_MATCH = YES;
				"CODE_SIGN_IDENTITY[sdk=iphoneos*]" = "iPhone Developer";
				COPY_PHASE_STRIP = NO;
				DEBUG_INFORMATION_FORMAT = "dwarf-with-dsym";
				ENABLE_NS_ASSERTIONS = NO;
				ENABLE_STRICT_OBJC_MSGSEND = YES;
				GCC_C_LANGUAGE_STANDARD = gnu99;
				GCC_NO_COMMON_BLOCKS = YES;
				GCC_WARN_64_TO_32_BIT_CONVERSION = YES;
				GCC_WARN_ABOUT_RETURN_TYPE = YES_ERROR;
				GCC_WARN_UNDECLARED_SELECTOR = YES;
				GCC_WARN_UNINITIALIZED_AUTOS = YES_AGGRESSIVE;
				GCC_WARN_UNUSED_FUNCTION = YES;
				GCC_WARN_UNUSED_VARIABLE = YES;
				IPHONEOS_DEPLOYMENT_TARGET = 10.3;
				MTL_ENABLE_DEBUG_INFO = NO;
				SDKROOT = iphoneos;
				SWIFT_OPTIMIZATION_LEVEL = "-Owholemodule";
				TARGETED_DEVICE_FAMILY = "1,2";
				VALIDATE_PRODUCT = YES;
			};
			name = Release;
		};
		9879D9D41F34054A00B4131A /* Debug */ = {
			isa = XCBuildConfiguration;
			baseConfigurationReference = A7113F72677B202CDD56B17A /* Pods-ios_baemin_waiting.debug.xcconfig */;
			buildSettings = {
				ASSETCATALOG_COMPILER_APPICON_NAME = AppIcon;
				CLANG_ENABLE_MODULES = YES;
				DEVELOPMENT_TEAM = B3PWYBKFUK;
				FRAMEWORK_SEARCH_PATHS = (
					"$(inherited)",
					"$(PROJECT_DIR)",
				);
				INFOPLIST_FILE = ios_baemin_waiting/Info.plist;
				LD_RUNPATH_SEARCH_PATHS = "$(inherited) @executable_path/Frameworks";
				OTHER_LDFLAGS = (
					"$(inherited)",
					"-framework",
					"\"Alamofire\"",
					"-framework",
					"\"SwiftyJSON\"",
				);
				"OTHER_LDFLAGS[arch=*]" = (
					"-ObjC",
					"-lxml2",
				);
				PRODUCT_BUNDLE_IDENTIFIER = "com.woowabrothers.ios-baemin-waiting";
				PRODUCT_NAME = "$(TARGET_NAME)";
				SWIFT_OBJC_BRIDGING_HEADER = "ios_baemin_waiting/ios_baemin_waiting-Bridging-Header.h";
				SWIFT_OPTIMIZATION_LEVEL = "-Onone";
				SWIFT_VERSION = 3.0;
			};
			name = Debug;
		};
		9879D9D51F34054A00B4131A /* Release */ = {
			isa = XCBuildConfiguration;
			baseConfigurationReference = AB377FD4ABB73D02348DCF19 /* Pods-ios_baemin_waiting.release.xcconfig */;
			buildSettings = {
				ASSETCATALOG_COMPILER_APPICON_NAME = AppIcon;
				CLANG_ENABLE_MODULES = YES;
				DEVELOPMENT_TEAM = B3PWYBKFUK;
				FRAMEWORK_SEARCH_PATHS = (
					"$(inherited)",
					"$(PROJECT_DIR)",
				);
				INFOPLIST_FILE = ios_baemin_waiting/Info.plist;
				LD_RUNPATH_SEARCH_PATHS = "$(inherited) @executable_path/Frameworks";
				OTHER_LDFLAGS = (
					"$(inherited)",
					"-framework",
					"\"Alamofire\"",
					"-framework",
					"\"SwiftyJSON\"",
					"-ObjC",
					"-lxml2",
				);
				PRODUCT_BUNDLE_IDENTIFIER = "com.woowabrothers.ios-baemin-waiting";
				PRODUCT_NAME = "$(TARGET_NAME)";
				SWIFT_OBJC_BRIDGING_HEADER = "ios_baemin_waiting/ios_baemin_waiting-Bridging-Header.h";
				SWIFT_OPTIMIZATION_LEVEL = "-Owholemodule";
				SWIFT_VERSION = 3.0;
			};
			name = Release;
		};
		9879D9F71F342CCC00B4131A /* Debug */ = {
			isa = XCBuildConfiguration;
			baseConfigurationReference = 981AA44EC3C56C18A78CC0E5 /* Pods-BaeminWaitingUnitTests.debug.xcconfig */;
			buildSettings = {
				BUNDLE_LOADER = "$(TEST_HOST)";
				DEVELOPMENT_TEAM = B3PWYBKFUK;
				INFOPLIST_FILE = BaeminWaitingUnitTests/Info.plist;
				LD_RUNPATH_SEARCH_PATHS = "$(inherited) @executable_path/Frameworks @loader_path/Frameworks";
				PRODUCT_BUNDLE_IDENTIFIER = com.woowabrothers.BaeminWaitingUnitTests;
				PRODUCT_NAME = "$(TARGET_NAME)";
				SWIFT_VERSION = 3.0;
				TEST_HOST = "$(BUILT_PRODUCTS_DIR)/ios_baemin_waiting.app/ios_baemin_waiting";
			};
			name = Debug;
		};
		9879D9F81F342CCC00B4131A /* Release */ = {
			isa = XCBuildConfiguration;
			baseConfigurationReference = 18F59FA31D335960EA9BB38B /* Pods-BaeminWaitingUnitTests.release.xcconfig */;
			buildSettings = {
				BUNDLE_LOADER = "$(TEST_HOST)";
				DEVELOPMENT_TEAM = B3PWYBKFUK;
				INFOPLIST_FILE = BaeminWaitingUnitTests/Info.plist;
				LD_RUNPATH_SEARCH_PATHS = "$(inherited) @executable_path/Frameworks @loader_path/Frameworks";
				PRODUCT_BUNDLE_IDENTIFIER = com.woowabrothers.BaeminWaitingUnitTests;
				PRODUCT_NAME = "$(TARGET_NAME)";
				SWIFT_VERSION = 3.0;
				TEST_HOST = "$(BUILT_PRODUCTS_DIR)/ios_baemin_waiting.app/ios_baemin_waiting";
			};
			name = Release;
		};
/* End XCBuildConfiguration section */

/* Begin XCConfigurationList section */
		9879D9A61F34054900B4131A /* Build configuration list for PBXProject "ios_baemin_waiting" */ = {
			isa = XCConfigurationList;
			buildConfigurations = (
				9879D9D11F34054A00B4131A /* Debug */,
				9879D9D21F34054A00B4131A /* Release */,
			);
			defaultConfigurationIsVisible = 0;
			defaultConfigurationName = Release;
		};
		9879D9D31F34054A00B4131A /* Build configuration list for PBXNativeTarget "ios_baemin_waiting" */ = {
			isa = XCConfigurationList;
			buildConfigurations = (
				9879D9D41F34054A00B4131A /* Debug */,
				9879D9D51F34054A00B4131A /* Release */,
			);
			defaultConfigurationIsVisible = 0;
			defaultConfigurationName = Release;
		};
		9879D9F61F342CCC00B4131A /* Build configuration list for PBXNativeTarget "BaeminWaitingUnitTests" */ = {
			isa = XCConfigurationList;
			buildConfigurations = (
				9879D9F71F342CCC00B4131A /* Debug */,
				9879D9F81F342CCC00B4131A /* Release */,
			);
			defaultConfigurationIsVisible = 0;
			defaultConfigurationName = Release;
		};
/* End XCConfigurationList section */
	};
	rootObject = 9879D9A31F34054900B4131A /* Project object */;
}
